
Microsoft Visual Studio Solution File, Format Version 12.00
# Visual Studio Version 17
VisualStudioVersion = 17.3.32825.248
MinimumVisualStudioVersion = 10.0.40219.1
Project("{9A19103F-16F7-4668-BE54-9A1E7A4F7556}") = "TerrainTools", "TerrainTools\TerrainTools.csproj", "{BAA76B85-2592-451D-BD7D-36443EF9FC1A}"
EndProject
Project("{9A19103F-16F7-4668-BE54-9A1E7A4F7556}") = "Terrain", "Terrain\Terrain.csproj", "{EE564A83-0C8A-44BD-8ABA-93943199396A}"
EndProject
Project("{9A19103F-16F7-4668-BE54-9A1E7A4F7556}") = "Terrain.Test", "Terrain.Test\Terrain.Test.csproj", "{1A8EBA64-7E07-465E-ADF4-235754630082}"
EndProject
Project("{FAE04EC0-301F-11D3-BF4B-00C04F79EFBC}") = "R16ToPng", "R16ToPng\R16ToPng.csproj", "{2E4D66C5-D951-4909-B590-B3048BCD4005}"
EndProject
Global
	GlobalSection(SolutionConfigurationPlatforms) = preSolution
		Debug|Any CPU = Debug|Any CPU
		Release|Any CPU = Release|Any CPU
	EndGlobalSection
	GlobalSection(ProjectConfigurationPlatforms) = postSolution
		{BAA76B85-2592-451D-BD7D-36443EF9FC1A}.Debug|Any CPU.ActiveCfg = Debug|Any CPU
		{BAA76B85-2592-451D-BD7D-36443EF9FC1A}.Debug|Any CPU.Build.0 = Debug|Any CPU
		{BAA76B85-2592-451D-BD7D-36443EF9FC1A}.Release|Any CPU.ActiveCfg = Release|Any CPU
		{BAA76B85-2592-451D-BD7D-36443EF9FC1A}.Release|Any CPU.Build.0 = Release|Any CPU
		{EE564A83-0C8A-44BD-8ABA-93943199396A}.Debug|Any CPU.ActiveCfg = Debug|Any CPU
		{EE564A83-0C8A-44BD-8ABA-93943199396A}.Debug|Any CPU.Build.0 = Debug|Any CPU
		{EE564A83-0C8A-44BD-8ABA-93943199396A}.Release|Any CPU.ActiveCfg = Release|Any CPU
		{EE564A83-0C8A-44BD-8ABA-93943199396A}.Release|Any CPU.Build.0 = Release|Any CPU
		{1A8EBA64-7E07-465E-ADF4-235754630082}.Debug|Any CPU.ActiveCfg = Debug|Any CPU
		{1A8EBA64-7E07-465E-ADF4-235754630082}.Debug|Any CPU.Build.0 = Debug|Any CPU
		{1A8EBA64-7E07-465E-ADF4-235754630082}.Release|Any CPU.ActiveCfg = Release|Any CPU
		{1A8EBA64-7E07-465E-ADF4-235754630082}.Release|Any CPU.Build.0 = Release|Any CPU
		{2E4D66C5-D951-4909-B590-B3048BCD4005}.Debug|Any CPU.ActiveCfg = Debug|Any CPU
		{2E4D66C5-D951-4909-B590-B3048BCD4005}.Debug|Any CPU.Build.0 = Debug|Any CPU
		{2E4D66C5-D951-4909-B590-B3048BCD4005}.Release|Any CPU.ActiveCfg = Release|Any CPU
		{2E4D66C5-D951-4909-B590-B3048BCD4005}.Release|Any CPU.Build.0 = Release|Any CPU
	EndGlobalSection
	GlobalSection(SolutionProperties) = preSolution
		HideSolutionNode = FALSE
	EndGlobalSection
	GlobalSection(ExtensibilityGlobals) = postSolution
		SolutionGuid = {7A683774-C7A4-4448-940C-79D5D393E0B8}
	EndGlobalSection
EndGlobal
