
Microsoft Visual Studio Solution File, Format Version 12.00
# Visual Studio Version 17
VisualStudioVersion = 17.3.32825.248
MinimumVisualStudioVersion = 10.0.40219.1
Project("{FAE04EC0-301F-11D3-BF4B-00C04F79EFBC}") = "TerrainTools", "TerrainTools\TerrainTools.csproj", "{BAA76B85-2592-451D-BD7D-36443EF9FC1A}"
EndProject
Global
	GlobalSection(SolutionConfigurationPlatforms) = preSolution
		Debug|Any CPU = Debug|Any CPU
		Release|Any CPU = Release|Any CPU
	EndGlobalSection
	GlobalSection(ProjectConfigurationPlatforms) = postSolution
		{BAA76B85-2592-451D-BD7D-36443EF9FC1A}.Debug|Any CPU.ActiveCfg = Debug|Any CPU
		{BAA76B85-2592-451D-BD7D-36443EF9FC1A}.Debug|Any CPU.Build.0 = Debug|Any CPU
		{BAA76B85-2592-451D-BD7D-36443EF9FC1A}.Release|Any CPU.ActiveCfg = Release|Any CPU
		{BAA76B85-2592-451D-BD7D-36443EF9FC1A}.Release|Any CPU.Build.0 = Release|Any CPU
	EndGlobalSection
	GlobalSection(SolutionProperties) = preSolution
		HideSolutionNode = FALSE
	EndGlobalSection
	GlobalSection(ExtensibilityGlobals) = postSolution
		SolutionGuid = {7A683774-C7A4-4448-940C-79D5D393E0B8}
	EndGlobalSection
EndGlobal
